{
  "requires": true,
  "lockfileVersion": 1,
  "dependencies": {
    "@types/lodash": {
      "version": "4.14.172",
      "resolved": "https://registry.npmjs.org/@types/lodash/-/lodash-4.14.172.tgz",
      "integrity": "sha512-/BHF5HAx3em7/KkzVKm3LrsD6HZAXuXO1AJZQ3cRRBZj4oHZDviWPYu0aEplAqDFNHZPW6d3G7KN+ONcCCC7pw=="
    },
    "@types/screeps": {
      "version": "3.2.4",
      "resolved": "https://registry.npmjs.org/@types/screeps/-/screeps-3.2.4.tgz",
      "integrity": "sha512-itlqAHdAZ2ZkDFERy3TkmmMIisSXT7tXfEnhhl5N7xNZbNmNs/qgGfCIRchPLIFj0w5EPpj6JurKZ3vpSxaNiQ=="
    }
  }
}
