{
  "requires": true,
  "lockfileVersion": 1,
  "dependencies": {
    "@types/lodash": {
      "version": "4.14.172",
      "resolved": "https://registry.npmjs.org/@types/lodash/-/lodash-4.14.172.tgz",
      "integrity": "sha512-/BHF5HAx3em7/KkzVKm3LrsD6HZAXuXO1AJZQ3cRRBZj4oHZDviWPYu0aEplAqDFNHZPW6d3G7KN+ONcCCC7pw=="
    },
    "@types/node": {
      "version": "16.7.1",
      "resolved": "https://registry.npmjs.org/@types/node/-/node-16.7.1.tgz",
      "integrity": "sha512-ncRdc45SoYJ2H4eWU9ReDfp3vtFqDYhjOsKlFFUDEn8V1Bgr2RjYal8YT5byfadWIRluhPFU6JiDOl0H6Sl87A=="
    },
    "@types/screeps": {
      "version": "3.2.4",
      "resolved": "https://registry.npmjs.org/@types/screeps/-/screeps-3.2.4.tgz",
      "integrity": "sha512-itlqAHdAZ2ZkDFERy3TkmmMIisSXT7tXfEnhhl5N7xNZbNmNs/qgGfCIRchPLIFj0w5EPpj6JurKZ3vpSxaNiQ=="
    },
    "@types/screeps-profiler": {
      "version": "1.2.2",
      "resolved": "https://registry.npmjs.org/@types/screeps-profiler/-/screeps-profiler-1.2.2.tgz",
      "integrity": "sha512-czGKUk8ulz1qosjl0q5Hg9YuivHpP0mDsiPhkRy0pHxMMYgIJt0zfdBCNzYoU4WnbvoeRxpzIn/cBAj5PBqJtQ=="
    }
  }
}
